
Microsoft Visual Studio Solution File, Format Version 12.00
# Visual Studio 2012
Project("{2150E333-8FDC-42A3-9474-1A3956D46DE8}") = "Modules", "Modules", "{9C75A5A2-64D2-423C-AA22-F20BBB77EE8C}"
EndProject
Project("{2150E333-8FDC-42A3-9474-1A3956D46DE8}") = "Common", "Common", "{48643A16-DF0E-49E2-B608-1AF2C6CA3884}"
EndProject
Project("{2150E333-8FDC-42A3-9474-1A3956D46DE8}") = "FrameworkLib", "FrameworkLib", "{54D55481-489E-4144-91AB-E113D8F69151}"
EndProject
Project("{FAE04EC0-301F-11D3-BF4B-00C04F79EFBC}") = "CommonHelper", "..\PrismWork\Common\CommonHelper\CommonHelper.csproj", "{FD27DE89-D16F-4B28-84B3-E5E2EEAE0636}"
EndProject
Project("{FAE04EC0-301F-11D3-BF4B-00C04F79EFBC}") = "WorkCommon", "..\PrismWork\Common\WorkCommon\WorkCommon.csproj", "{F68DF23B-F839-4800-A674-67F338D1610D}"
EndProject
Project("{FAE04EC0-301F-11D3-BF4B-00C04F79EFBC}") = "ImageView", "..\PrismWork\Modules\ImageView\ImageView.csproj", "{06F0287F-FF1D-4D9C-AE8F-5759359F5168}"
EndProject
Project("{FAE04EC0-301F-11D3-BF4B-00C04F79EFBC}") = "PrismWork", "..\PrismWork\Tools\PrismWork\PrismWork.csproj", "{8601EB0A-CDD7-4A59-8FF8-66BC07ED2028}"
EndProject
Project("{FAE04EC0-301F-11D3-BF4B-00C04F79EFBC}") = "BottomToolBar", "..\PrismWork\Modules\BottomToolBar\BottomToolBar.csproj", "{F900B75E-C0D5-495B-AC96-604471F048CF}"
EndProject
Project("{FAE04EC0-301F-11D3-BF4B-00C04F79EFBC}") = "MainTool", "..\PrismWork\Modules\MainTool\MainTool.csproj", "{85A7B67C-ED24-4013-B5EB-7CE23FF4F731}"
EndProject
Project("{2150E333-8FDC-42A3-9474-1A3956D46DE8}") = "Plugins", "Plugins", "{CAD7558B-FE7C-41D8-B167-7372647BC013}"
EndProject
Project("{FAE04EC0-301F-11D3-BF4B-00C04F79EFBC}") = "ModuleManagement", "..\PrismWork\Plugins\ModuleManagement\ModuleManagement.csproj", "{F24AB598-4715-4AB8-BDF7-44D73CF843DB}"
EndProject
Project("{FAE04EC0-301F-11D3-BF4B-00C04F79EFBC}") = "NoteBookPlugin", "..\PrismWork\Plugins\NoteBookPlugin\NoteBookPlugin.csproj", "{AA1055F5-C0CA-4EAD-A583-5464C5F7DB5B}"
EndProject
Project("{FAE04EC0-301F-11D3-BF4B-00C04F79EFBC}") = "ControlLib", "..\PrismWork\FrameworkLib\ControlLib\ControlLib.csproj", "{CBC9A612-1201-4233-86B1-10C66E9F9EDF}"
EndProject
Project("{FAE04EC0-301F-11D3-BF4B-00C04F79EFBC}") = "SentStream", "..\PrismWork\Plugins\SentStream\SentStream.csproj", "{57F0B27B-B249-498B-BC0B-D41040556D8A}"
EndProject
Project("{2150E333-8FDC-42A3-9474-1A3956D46DE8}") = "Datas", "Datas", "{8767DDC7-EE51-4175-A3C2-CEDAEF452F1B}"
EndProject
Project("{FAE04EC0-301F-11D3-BF4B-00C04F79EFBC}") = "Project.BusinessFacade", "..\PrismWork\Datas\BusinessFacade\Project.BusinessFacade.csproj", "{8B981F9C-9DEB-4636-B14F-DB17300101B8}"
EndProject
Project("{FAE04EC0-301F-11D3-BF4B-00C04F79EFBC}") = "Project.Comm", "..\PrismWork\Datas\Comm\Project.Comm.csproj", "{1ADB6ACE-02F0-40DB-8599-1DC450137932}"
EndProject
Project("{FAE04EC0-301F-11D3-BF4B-00C04F79EFBC}") = "Project.DataAccess", "..\PrismWork\Datas\DataAccess\Project.DataAccess.csproj", "{2ABA2F28-E29F-4BBA-B304-BC925D3F3254}"
EndProject
Project("{FAE04EC0-301F-11D3-BF4B-00C04F79EFBC}") = "Project.DataEntities", "..\PrismWork\Datas\DataEntities\Project.DataEntities.csproj", "{F6A755FE-79CC-4F45-BDC7-8655ABB6F41D}"
EndProject
Project("{2150E333-8FDC-42A3-9474-1A3956D46DE8}") = "SetUp", "SetUp", "{A5273BD3-4F33-4A27-B9D5-4B26D17FC976}"
EndProject
Project("{930C7802-8A8C-48F9-8165-68863BCCD9DD}") = "BootstrapperSetup", "..\PrismWork\Tools\BootstrapperSetup\BootstrapperSetup.wixproj", "{92AB8092-6982-4CB8-9E76-9C3E1AFE4F8D}"
EndProject
Project("{930C7802-8A8C-48F9-8165-68863BCCD9DD}") = "SetupProject", "..\..\PrismWork\PrismWork\Tools\SetupProject\SetupProject.wixproj", "{355D1378-C9A8-4964-BA68-8459A8FEB5E0}"
EndProject
Global
	GlobalSection(SolutionConfigurationPlatforms) = preSolution
		Debug|Any CPU = Debug|Any CPU
		Debug|Mixed Platforms = Debug|Mixed Platforms
		Debug|x86 = Debug|x86
		Release|Any CPU = Release|Any CPU
		Release|Mixed Platforms = Release|Mixed Platforms
		Release|x86 = Release|x86
	EndGlobalSection
	GlobalSection(ProjectConfigurationPlatforms) = postSolution
		{FD27DE89-D16F-4B28-84B3-E5E2EEAE0636}.Debug|Any CPU.ActiveCfg = Debug|Any CPU
		{FD27DE89-D16F-4B28-84B3-E5E2EEAE0636}.Debug|Any CPU.Build.0 = Debug|Any CPU
		{FD27DE89-D16F-4B28-84B3-E5E2EEAE0636}.Debug|Mixed Platforms.ActiveCfg = Debug|x86
		{FD27DE89-D16F-4B28-84B3-E5E2EEAE0636}.Debug|Mixed Platforms.Build.0 = Debug|x86
		{FD27DE89-D16F-4B28-84B3-E5E2EEAE0636}.Debug|x86.ActiveCfg = Debug|x86
		{FD27DE89-D16F-4B28-84B3-E5E2EEAE0636}.Debug|x86.Build.0 = Debug|x86
		{FD27DE89-D16F-4B28-84B3-E5E2EEAE0636}.Release|Any CPU.ActiveCfg = Release|Any CPU
		{FD27DE89-D16F-4B28-84B3-E5E2EEAE0636}.Release|Any CPU.Build.0 = Release|Any CPU
		{FD27DE89-D16F-4B28-84B3-E5E2EEAE0636}.Release|Mixed Platforms.ActiveCfg = Release|x86
		{FD27DE89-D16F-4B28-84B3-E5E2EEAE0636}.Release|Mixed Platforms.Build.0 = Release|x86
		{FD27DE89-D16F-4B28-84B3-E5E2EEAE0636}.Release|x86.ActiveCfg = Release|x86
		{FD27DE89-D16F-4B28-84B3-E5E2EEAE0636}.Release|x86.Build.0 = Release|x86
		{F68DF23B-F839-4800-A674-67F338D1610D}.Debug|Any CPU.ActiveCfg = Debug|Any CPU
		{F68DF23B-F839-4800-A674-67F338D1610D}.Debug|Any CPU.Build.0 = Debug|Any CPU
		{F68DF23B-F839-4800-A674-67F338D1610D}.Debug|Mixed Platforms.ActiveCfg = Debug|x86
		{F68DF23B-F839-4800-A674-67F338D1610D}.Debug|Mixed Platforms.Build.0 = Debug|x86
		{F68DF23B-F839-4800-A674-67F338D1610D}.Debug|x86.ActiveCfg = Debug|x86
		{F68DF23B-F839-4800-A674-67F338D1610D}.Debug|x86.Build.0 = Debug|x86
		{F68DF23B-F839-4800-A674-67F338D1610D}.Release|Any CPU.ActiveCfg = Release|Any CPU
		{F68DF23B-F839-4800-A674-67F338D1610D}.Release|Any CPU.Build.0 = Release|Any CPU
		{F68DF23B-F839-4800-A674-67F338D1610D}.Release|Mixed Platforms.ActiveCfg = Release|x86
		{F68DF23B-F839-4800-A674-67F338D1610D}.Release|Mixed Platforms.Build.0 = Release|x86
		{F68DF23B-F839-4800-A674-67F338D1610D}.Release|x86.ActiveCfg = Release|Any CPU
		{06F0287F-FF1D-4D9C-AE8F-5759359F5168}.Debug|Any CPU.ActiveCfg = Debug|Any CPU
		{06F0287F-FF1D-4D9C-AE8F-5759359F5168}.Debug|Any CPU.Build.0 = Debug|Any CPU
		{06F0287F-FF1D-4D9C-AE8F-5759359F5168}.Debug|Mixed Platforms.ActiveCfg = Debug|x86
		{06F0287F-FF1D-4D9C-AE8F-5759359F5168}.Debug|Mixed Platforms.Build.0 = Debug|x86
		{06F0287F-FF1D-4D9C-AE8F-5759359F5168}.Debug|x86.ActiveCfg = Debug|x86
		{06F0287F-FF1D-4D9C-AE8F-5759359F5168}.Debug|x86.Build.0 = Debug|x86
		{06F0287F-FF1D-4D9C-AE8F-5759359F5168}.Release|Any CPU.ActiveCfg = Release|Any CPU
		{06F0287F-FF1D-4D9C-AE8F-5759359F5168}.Release|Any CPU.Build.0 = Release|Any CPU
		{06F0287F-FF1D-4D9C-AE8F-5759359F5168}.Release|Mixed Platforms.ActiveCfg = Release|x86
		{06F0287F-FF1D-4D9C-AE8F-5759359F5168}.Release|Mixed Platforms.Build.0 = Release|x86
		{06F0287F-FF1D-4D9C-AE8F-5759359F5168}.Release|x86.ActiveCfg = Release|Any CPU
		{8601EB0A-CDD7-4A59-8FF8-66BC07ED2028}.Debug|Any CPU.ActiveCfg = Debug|Any CPU
		{8601EB0A-CDD7-4A59-8FF8-66BC07ED2028}.Debug|Any CPU.Build.0 = Debug|Any CPU
		{8601EB0A-CDD7-4A59-8FF8-66BC07ED2028}.Debug|Mixed Platforms.ActiveCfg = Debug|x86
		{8601EB0A-CDD7-4A59-8FF8-66BC07ED2028}.Debug|Mixed Platforms.Build.0 = Debug|x86
		{8601EB0A-CDD7-4A59-8FF8-66BC07ED2028}.Debug|x86.ActiveCfg = Debug|x86
		{8601EB0A-CDD7-4A59-8FF8-66BC07ED2028}.Debug|x86.Build.0 = Debug|x86
		{8601EB0A-CDD7-4A59-8FF8-66BC07ED2028}.Release|Any CPU.ActiveCfg = Release|Any CPU
		{8601EB0A-CDD7-4A59-8FF8-66BC07ED2028}.Release|Any CPU.Build.0 = Release|Any CPU
		{8601EB0A-CDD7-4A59-8FF8-66BC07ED2028}.Release|Mixed Platforms.ActiveCfg = Release|x86
		{8601EB0A-CDD7-4A59-8FF8-66BC07ED2028}.Release|Mixed Platforms.Build.0 = Release|x86
		{8601EB0A-CDD7-4A59-8FF8-66BC07ED2028}.Release|x86.ActiveCfg = Release|x86
		{8601EB0A-CDD7-4A59-8FF8-66BC07ED2028}.Release|x86.Build.0 = Release|x86
		{F900B75E-C0D5-495B-AC96-604471F048CF}.Debug|Any CPU.ActiveCfg = Debug|Any CPU
		{F900B75E-C0D5-495B-AC96-604471F048CF}.Debug|Any CPU.Build.0 = Debug|Any CPU
		{F900B75E-C0D5-495B-AC96-604471F048CF}.Debug|Mixed Platforms.ActiveCfg = Debug|x86
		{F900B75E-C0D5-495B-AC96-604471F048CF}.Debug|Mixed Platforms.Build.0 = Debug|x86
		{F900B75E-C0D5-495B-AC96-604471F048CF}.Debug|x86.ActiveCfg = Debug|x86
		{F900B75E-C0D5-495B-AC96-604471F048CF}.Debug|x86.Build.0 = Debug|x86
		{F900B75E-C0D5-495B-AC96-604471F048CF}.Release|Any CPU.ActiveCfg = Release|Any CPU
		{F900B75E-C0D5-495B-AC96-604471F048CF}.Release|Any CPU.Build.0 = Release|Any CPU
		{F900B75E-C0D5-495B-AC96-604471F048CF}.Release|Mixed Platforms.ActiveCfg = Release|x86
		{F900B75E-C0D5-495B-AC96-604471F048CF}.Release|Mixed Platforms.Build.0 = Release|x86
		{F900B75E-C0D5-495B-AC96-604471F048CF}.Release|x86.ActiveCfg = Release|Any CPU
		{85A7B67C-ED24-4013-B5EB-7CE23FF4F731}.Debug|Any CPU.ActiveCfg = Debug|Any CPU
		{85A7B67C-ED24-4013-B5EB-7CE23FF4F731}.Debug|Any CPU.Build.0 = Debug|Any CPU
		{85A7B67C-ED24-4013-B5EB-7CE23FF4F731}.Debug|Mixed Platforms.ActiveCfg = Debug|x86
		{85A7B67C-ED24-4013-B5EB-7CE23FF4F731}.Debug|Mixed Platforms.Build.0 = Debug|x86
		{85A7B67C-ED24-4013-B5EB-7CE23FF4F731}.Debug|x86.ActiveCfg = Debug|x86
		{85A7B67C-ED24-4013-B5EB-7CE23FF4F731}.Debug|x86.Build.0 = Debug|x86
		{85A7B67C-ED24-4013-B5EB-7CE23FF4F731}.Release|Any CPU.ActiveCfg = Release|Any CPU
		{85A7B67C-ED24-4013-B5EB-7CE23FF4F731}.Release|Any CPU.Build.0 = Release|Any CPU
		{85A7B67C-ED24-4013-B5EB-7CE23FF4F731}.Release|Mixed Platforms.ActiveCfg = Release|x86
		{85A7B67C-ED24-4013-B5EB-7CE23FF4F731}.Release|Mixed Platforms.Build.0 = Release|x86
		{85A7B67C-ED24-4013-B5EB-7CE23FF4F731}.Release|x86.ActiveCfg = Release|Any CPU
		{F24AB598-4715-4AB8-BDF7-44D73CF843DB}.Debug|Any CPU.ActiveCfg = Debug|Any CPU
		{F24AB598-4715-4AB8-BDF7-44D73CF843DB}.Debug|Any CPU.Build.0 = Debug|Any CPU
		{F24AB598-4715-4AB8-BDF7-44D73CF843DB}.Debug|Mixed Platforms.ActiveCfg = Debug|x86
		{F24AB598-4715-4AB8-BDF7-44D73CF843DB}.Debug|Mixed Platforms.Build.0 = Debug|x86
		{F24AB598-4715-4AB8-BDF7-44D73CF843DB}.Debug|x86.ActiveCfg = Debug|x86
		{F24AB598-4715-4AB8-BDF7-44D73CF843DB}.Debug|x86.Build.0 = Debug|x86
		{F24AB598-4715-4AB8-BDF7-44D73CF843DB}.Release|Any CPU.ActiveCfg = Release|Any CPU
		{F24AB598-4715-4AB8-BDF7-44D73CF843DB}.Release|Any CPU.Build.0 = Release|Any CPU
		{F24AB598-4715-4AB8-BDF7-44D73CF843DB}.Release|Mixed Platforms.ActiveCfg = Release|Any CPU
		{F24AB598-4715-4AB8-BDF7-44D73CF843DB}.Release|Mixed Platforms.Build.0 = Release|Any CPU
		{F24AB598-4715-4AB8-BDF7-44D73CF843DB}.Release|x86.ActiveCfg = Release|Any CPU
		{AA1055F5-C0CA-4EAD-A583-5464C5F7DB5B}.Debug|Any CPU.ActiveCfg = Debug|Any CPU
		{AA1055F5-C0CA-4EAD-A583-5464C5F7DB5B}.Debug|Any CPU.Build.0 = Debug|Any CPU
		{AA1055F5-C0CA-4EAD-A583-5464C5F7DB5B}.Debug|Mixed Platforms.ActiveCfg = Debug|x86
		{AA1055F5-C0CA-4EAD-A583-5464C5F7DB5B}.Debug|Mixed Platforms.Build.0 = Debug|x86
		{AA1055F5-C0CA-4EAD-A583-5464C5F7DB5B}.Debug|x86.ActiveCfg = Debug|x86
		{AA1055F5-C0CA-4EAD-A583-5464C5F7DB5B}.Debug|x86.Build.0 = Debug|x86
		{AA1055F5-C0CA-4EAD-A583-5464C5F7DB5B}.Release|Any CPU.ActiveCfg = Release|Any CPU
		{AA1055F5-C0CA-4EAD-A583-5464C5F7DB5B}.Release|Any CPU.Build.0 = Release|Any CPU
		{AA1055F5-C0CA-4EAD-A583-5464C5F7DB5B}.Release|Mixed Platforms.ActiveCfg = Release|Any CPU
		{AA1055F5-C0CA-4EAD-A583-5464C5F7DB5B}.Release|Mixed Platforms.Build.0 = Release|Any CPU
		{AA1055F5-C0CA-4EAD-A583-5464C5F7DB5B}.Release|x86.ActiveCfg = Release|Any CPU
		{CBC9A612-1201-4233-86B1-10C66E9F9EDF}.Debug|Any CPU.ActiveCfg = Debug|Any CPU
		{CBC9A612-1201-4233-86B1-10C66E9F9EDF}.Debug|Any CPU.Build.0 = Debug|Any CPU
		{CBC9A612-1201-4233-86B1-10C66E9F9EDF}.Debug|Mixed Platforms.ActiveCfg = Debug|x86
		{CBC9A612-1201-4233-86B1-10C66E9F9EDF}.Debug|Mixed Platforms.Build.0 = Debug|x86
		{CBC9A612-1201-4233-86B1-10C66E9F9EDF}.Debug|x86.ActiveCfg = Debug|x86
		{CBC9A612-1201-4233-86B1-10C66E9F9EDF}.Debug|x86.Build.0 = Debug|x86
		{CBC9A612-1201-4233-86B1-10C66E9F9EDF}.Release|Any CPU.ActiveCfg = Release|Any CPU
		{CBC9A612-1201-4233-86B1-10C66E9F9EDF}.Release|Any CPU.Build.0 = Release|Any CPU
		{CBC9A612-1201-4233-86B1-10C66E9F9EDF}.Release|Mixed Platforms.ActiveCfg = Release|Any CPU
		{CBC9A612-1201-4233-86B1-10C66E9F9EDF}.Release|Mixed Platforms.Build.0 = Release|Any CPU
		{CBC9A612-1201-4233-86B1-10C66E9F9EDF}.Release|x86.ActiveCfg = Release|Any CPU
		{57F0B27B-B249-498B-BC0B-D41040556D8A}.Debug|Any CPU.ActiveCfg = Debug|x86
		{57F0B27B-B249-498B-BC0B-D41040556D8A}.Debug|Mixed Platforms.ActiveCfg = Debug|x86
		{57F0B27B-B249-498B-BC0B-D41040556D8A}.Debug|Mixed Platforms.Build.0 = Debug|x86
		{57F0B27B-B249-498B-BC0B-D41040556D8A}.Debug|x86.ActiveCfg = Debug|x86
		{57F0B27B-B249-498B-BC0B-D41040556D8A}.Debug|x86.Build.0 = Debug|x86
		{57F0B27B-B249-498B-BC0B-D41040556D8A}.Release|Any CPU.ActiveCfg = Release|x86
		{57F0B27B-B249-498B-BC0B-D41040556D8A}.Release|Mixed Platforms.ActiveCfg = Release|x86
		{57F0B27B-B249-498B-BC0B-D41040556D8A}.Release|Mixed Platforms.Build.0 = Release|x86
		{57F0B27B-B249-498B-BC0B-D41040556D8A}.Release|x86.ActiveCfg = Release|x86
		{57F0B27B-B249-498B-BC0B-D41040556D8A}.Release|x86.Build.0 = Release|x86
		{8B981F9C-9DEB-4636-B14F-DB17300101B8}.Debug|Any CPU.ActiveCfg = Debug|Any CPU
		{8B981F9C-9DEB-4636-B14F-DB17300101B8}.Debug|Any CPU.Build.0 = Debug|Any CPU
		{8B981F9C-9DEB-4636-B14F-DB17300101B8}.Debug|Mixed Platforms.ActiveCfg = Debug|Any CPU
		{8B981F9C-9DEB-4636-B14F-DB17300101B8}.Debug|Mixed Platforms.Build.0 = Debug|Any CPU
		{8B981F9C-9DEB-4636-B14F-DB17300101B8}.Debug|x86.ActiveCfg = Debug|x86
		{8B981F9C-9DEB-4636-B14F-DB17300101B8}.Debug|x86.Build.0 = Debug|x86
		{8B981F9C-9DEB-4636-B14F-DB17300101B8}.Release|Any CPU.ActiveCfg = Release|Any CPU
		{8B981F9C-9DEB-4636-B14F-DB17300101B8}.Release|Any CPU.Build.0 = Release|Any CPU
		{8B981F9C-9DEB-4636-B14F-DB17300101B8}.Release|Mixed Platforms.ActiveCfg = Release|Any CPU
		{8B981F9C-9DEB-4636-B14F-DB17300101B8}.Release|Mixed Platforms.Build.0 = Release|Any CPU
		{8B981F9C-9DEB-4636-B14F-DB17300101B8}.Release|x86.ActiveCfg = Release|Any CPU
		{1ADB6ACE-02F0-40DB-8599-1DC450137932}.Debug|Any CPU.ActiveCfg = Debug|Any CPU
		{1ADB6ACE-02F0-40DB-8599-1DC450137932}.Debug|Any CPU.Build.0 = Debug|Any CPU
		{1ADB6ACE-02F0-40DB-8599-1DC450137932}.Debug|Mixed Platforms.ActiveCfg = Debug|Any CPU
		{1ADB6ACE-02F0-40DB-8599-1DC450137932}.Debug|Mixed Platforms.Build.0 = Debug|Any CPU
		{1ADB6ACE-02F0-40DB-8599-1DC450137932}.Debug|x86.ActiveCfg = Debug|x86
		{1ADB6ACE-02F0-40DB-8599-1DC450137932}.Debug|x86.Build.0 = Debug|x86
		{1ADB6ACE-02F0-40DB-8599-1DC450137932}.Release|Any CPU.ActiveCfg = Release|Any CPU
		{1ADB6ACE-02F0-40DB-8599-1DC450137932}.Release|Any CPU.Build.0 = Release|Any CPU
		{1ADB6ACE-02F0-40DB-8599-1DC450137932}.Release|Mixed Platforms.ActiveCfg = Release|Any CPU
		{1ADB6ACE-02F0-40DB-8599-1DC450137932}.Release|Mixed Platforms.Build.0 = Release|Any CPU
		{1ADB6ACE-02F0-40DB-8599-1DC450137932}.Release|x86.ActiveCfg = Release|Any CPU
		{2ABA2F28-E29F-4BBA-B304-BC925D3F3254}.Debug|Any CPU.ActiveCfg = Debug|Any CPU
		{2ABA2F28-E29F-4BBA-B304-BC925D3F3254}.Debug|Any CPU.Build.0 = Debug|Any CPU
		{2ABA2F28-E29F-4BBA-B304-BC925D3F3254}.Debug|Mixed Platforms.ActiveCfg = Debug|Any CPU
		{2ABA2F28-E29F-4BBA-B304-BC925D3F3254}.Debug|Mixed Platforms.Build.0 = Debug|Any CPU
		{2ABA2F28-E29F-4BBA-B304-BC925D3F3254}.Debug|x86.ActiveCfg = Debug|x86
		{2ABA2F28-E29F-4BBA-B304-BC925D3F3254}.Debug|x86.Build.0 = Debug|x86
		{2ABA2F28-E29F-4BBA-B304-BC925D3F3254}.Release|Any CPU.ActiveCfg = Release|Any CPU
		{2ABA2F28-E29F-4BBA-B304-BC925D3F3254}.Release|Any CPU.Build.0 = Release|Any CPU
		{2ABA2F28-E29F-4BBA-B304-BC925D3F3254}.Release|Mixed Platforms.ActiveCfg = Release|Any CPU
		{2ABA2F28-E29F-4BBA-B304-BC925D3F3254}.Release|Mixed Platforms.Build.0 = Release|Any CPU
		{2ABA2F28-E29F-4BBA-B304-BC925D3F3254}.Release|x86.ActiveCfg = Release|Any CPU
		{F6A755FE-79CC-4F45-BDC7-8655ABB6F41D}.Debug|Any CPU.ActiveCfg = Debug|Any CPU
		{F6A755FE-79CC-4F45-BDC7-8655ABB6F41D}.Debug|Any CPU.Build.0 = Debug|Any CPU
		{F6A755FE-79CC-4F45-BDC7-8655ABB6F41D}.Debug|Mixed Platforms.ActiveCfg = Debug|Any CPU
		{F6A755FE-79CC-4F45-BDC7-8655ABB6F41D}.Debug|Mixed Platforms.Build.0 = Debug|Any CPU
		{F6A755FE-79CC-4F45-BDC7-8655ABB6F41D}.Debug|x86.ActiveCfg = Debug|x86
		{F6A755FE-79CC-4F45-BDC7-8655ABB6F41D}.Debug|x86.Build.0 = Debug|x86
		{F6A755FE-79CC-4F45-BDC7-8655ABB6F41D}.Release|Any CPU.ActiveCfg = Release|Any CPU
		{F6A755FE-79CC-4F45-BDC7-8655ABB6F41D}.Release|Any CPU.Build.0 = Release|Any CPU
		{F6A755FE-79CC-4F45-BDC7-8655ABB6F41D}.Release|Mixed Platforms.ActiveCfg = Release|Any CPU
		{F6A755FE-79CC-4F45-BDC7-8655ABB6F41D}.Release|Mixed Platforms.Build.0 = Release|Any CPU
		{F6A755FE-79CC-4F45-BDC7-8655ABB6F41D}.Release|x86.ActiveCfg = Release|Any CPU
		{92AB8092-6982-4CB8-9E76-9C3E1AFE4F8D}.Debug|Any CPU.ActiveCfg = Debug|x86
		{92AB8092-6982-4CB8-9E76-9C3E1AFE4F8D}.Debug|Mixed Platforms.ActiveCfg = Debug|x86
		{92AB8092-6982-4CB8-9E76-9C3E1AFE4F8D}.Debug|Mixed Platforms.Build.0 = Debug|x86
		{92AB8092-6982-4CB8-9E76-9C3E1AFE4F8D}.Debug|x86.ActiveCfg = Debug|x86
		{92AB8092-6982-4CB8-9E76-9C3E1AFE4F8D}.Debug|x86.Build.0 = Debug|x86
		{92AB8092-6982-4CB8-9E76-9C3E1AFE4F8D}.Release|Any CPU.ActiveCfg = Release|x86
		{92AB8092-6982-4CB8-9E76-9C3E1AFE4F8D}.Release|Mixed Platforms.ActiveCfg = Release|x86
		{92AB8092-6982-4CB8-9E76-9C3E1AFE4F8D}.Release|Mixed Platforms.Build.0 = Release|x86
		{92AB8092-6982-4CB8-9E76-9C3E1AFE4F8D}.Release|x86.ActiveCfg = Release|x86
		{92AB8092-6982-4CB8-9E76-9C3E1AFE4F8D}.Release|x86.Build.0 = Release|x86
		{355D1378-C9A8-4964-BA68-8459A8FEB5E0}.Debug|Any CPU.ActiveCfg = Debug|x86
		{355D1378-C9A8-4964-BA68-8459A8FEB5E0}.Debug|Mixed Platforms.ActiveCfg = Debug|x86
		{355D1378-C9A8-4964-BA68-8459A8FEB5E0}.Debug|Mixed Platforms.Build.0 = Debug|x86
		{355D1378-C9A8-4964-BA68-8459A8FEB5E0}.Debug|x86.ActiveCfg = Debug|x86
		{355D1378-C9A8-4964-BA68-8459A8FEB5E0}.Debug|x86.Build.0 = Debug|x86
		{355D1378-C9A8-4964-BA68-8459A8FEB5E0}.Release|Any CPU.ActiveCfg = Release|x86
		{355D1378-C9A8-4964-BA68-8459A8FEB5E0}.Release|Mixed Platforms.ActiveCfg = Release|x86
		{355D1378-C9A8-4964-BA68-8459A8FEB5E0}.Release|Mixed Platforms.Build.0 = Release|x86
		{355D1378-C9A8-4964-BA68-8459A8FEB5E0}.Release|x86.ActiveCfg = Release|x86
		{355D1378-C9A8-4964-BA68-8459A8FEB5E0}.Release|x86.Build.0 = Release|x86
	EndGlobalSection
	GlobalSection(SolutionProperties) = preSolution
		HideSolutionNode = FALSE
	EndGlobalSection
	GlobalSection(NestedProjects) = preSolution
		{06F0287F-FF1D-4D9C-AE8F-5759359F5168} = {9C75A5A2-64D2-423C-AA22-F20BBB77EE8C}
		{F900B75E-C0D5-495B-AC96-604471F048CF} = {9C75A5A2-64D2-423C-AA22-F20BBB77EE8C}
		{85A7B67C-ED24-4013-B5EB-7CE23FF4F731} = {9C75A5A2-64D2-423C-AA22-F20BBB77EE8C}
		{FD27DE89-D16F-4B28-84B3-E5E2EEAE0636} = {48643A16-DF0E-49E2-B608-1AF2C6CA3884}
		{F68DF23B-F839-4800-A674-67F338D1610D} = {48643A16-DF0E-49E2-B608-1AF2C6CA3884}
		{CBC9A612-1201-4233-86B1-10C66E9F9EDF} = {54D55481-489E-4144-91AB-E113D8F69151}
		{F24AB598-4715-4AB8-BDF7-44D73CF843DB} = {CAD7558B-FE7C-41D8-B167-7372647BC013}
		{AA1055F5-C0CA-4EAD-A583-5464C5F7DB5B} = {CAD7558B-FE7C-41D8-B167-7372647BC013}
		{57F0B27B-B249-498B-BC0B-D41040556D8A} = {CAD7558B-FE7C-41D8-B167-7372647BC013}
		{8B981F9C-9DEB-4636-B14F-DB17300101B8} = {8767DDC7-EE51-4175-A3C2-CEDAEF452F1B}
		{1ADB6ACE-02F0-40DB-8599-1DC450137932} = {8767DDC7-EE51-4175-A3C2-CEDAEF452F1B}
		{2ABA2F28-E29F-4BBA-B304-BC925D3F3254} = {8767DDC7-EE51-4175-A3C2-CEDAEF452F1B}
		{F6A755FE-79CC-4F45-BDC7-8655ABB6F41D} = {8767DDC7-EE51-4175-A3C2-CEDAEF452F1B}
		{92AB8092-6982-4CB8-9E76-9C3E1AFE4F8D} = {A5273BD3-4F33-4A27-B9D5-4B26D17FC976}
		{355D1378-C9A8-4964-BA68-8459A8FEB5E0} = {A5273BD3-4F33-4A27-B9D5-4B26D17FC976}
	EndGlobalSection
EndGlobal
